{
  "pins" : [
    {
      "identity" : "gaugekit",
      "kind" : "remoteSourceControl",
      "location" : "https://github.com/antonmartinsson/gaugekit.git",
      "state" : {
        "branch" : "main",
        "revision" : "5ba704d677d234e0c0da051cff739c67d25a9c00"
      }
    },
    {
      "identity" : "sfsymbolenum",
      "kind" : "remoteSourceControl",
      "location" : "https://github.com/jollyjinx/SFSymbolEnum",
      "state" : {
        "revision" : "6a8cb4993b6b3a0e9941ba2049ba868397142794",
        "version" : "2.3.0"
      }
    }
  ],
  "version" : 2
}
